Microsoft Visual Studio Solution File, Format Version 12.00
# Visual Studio Version 17
VisualStudioVersion = 17.5.2.0
MinimumVisualStudioVersion = 10.0.40219.1
Project("{2150E333-8FDC-42A3-9474-1A3956D46DE8}") = "WC3_Database", "WC3_Database", "{D38848F9-75DB-8657-839A-FB109B2BC663}"
EndProject
Project("{FAE04EC0-301F-11D3-BF4B-00C04F79EFBC}") = "WC3ItemManager", "WC3_Database\WC3ItemManager\WC3ItemManager.csproj", "{274A635A-CBAB-1770-5745-764593C43194}"
EndProject
Global
	GlobalSection(SolutionConfigurationPlatforms) = preSolution
		Debug|Any CPU = Debug|Any CPU
		Release|Any CPU = Release|Any CPU
	EndGlobalSection
	GlobalSection(ProjectConfigurationPlatforms) = postSolution
		{274A635A-CBAB-1770-5745-764593C43194}.Debug|Any CPU.ActiveCfg = Debug|Any CPU
		{274A635A-CBAB-1770-5745-764593C43194}.Debug|Any CPU.Build.0 = Debug|Any CPU
		{274A635A-CBAB-1770-5745-764593C43194}.Release|Any CPU.ActiveCfg = Release|Any CPU
		{274A635A-CBAB-1770-5745-764593C43194}.Release|Any CPU.Build.0 = Release|Any CPU
	EndGlobalSection
	GlobalSection(SolutionProperties) = preSolution
		HideSolutionNode = FALSE
	EndGlobalSection
	GlobalSection(NestedProjects) = preSolution
		{274A635A-CBAB-1770-5745-764593C43194} = {D38848F9-75DB-8657-839A-FB109B2BC663}
	EndGlobalSection
	GlobalSection(ExtensibilityGlobals) = postSolution
		SolutionGuid = {CF459A50-7F09-4F66-A6FE-75F3CAAF9B29}
	EndGlobalSection
EndGlobal
